
Microsoft Visual Studio Solution File, Format Version 12.00
# Visual Studio Version 17
VisualStudioVersion = 17.11.35219.272
MinimumVisualStudioVersion = 10.0.40219.1
Project("{9A19103F-16F7-4668-BE54-9A1E7A4F7556}") = "aspEmpty", "aspEmpty\aspEmpty.csproj", "{05838729-8F1A-4CE9-945F-2FDA4062A770}"
EndProject
Global
	GlobalSection(SolutionConfigurationPlatforms) = preSolution
		Debug|Any CPU = Debug|Any CPU
		Release|Any CPU = Release|Any CPU
	EndGlobalSection
	GlobalSection(ProjectConfigurationPlatforms) = postSolution
		{05838729-8F1A-4CE9-945F-2FDA4062A770}.Debug|Any CPU.ActiveCfg = Debug|Any CPU
		{05838729-8F1A-4CE9-945F-2FDA4062A770}.Debug|Any CPU.Build.0 = Debug|Any CPU
		{05838729-8F1A-4CE9-945F-2FDA4062A770}.Release|Any CPU.ActiveCfg = Release|Any CPU
		{05838729-8F1A-4CE9-945F-2FDA4062A770}.Release|Any CPU.Build.0 = Release|Any CPU
	EndGlobalSection
	GlobalSection(SolutionProperties) = preSolution
		HideSolutionNode = FALSE
	EndGlobalSection
	GlobalSection(ExtensibilityGlobals) = postSolution
		SolutionGuid = {35E9FE4E-756C-4EE1-8C4C-6662D4338995}
	EndGlobalSection
EndGlobal
